
Microsoft Visual Studio Solution File, Format Version 12.00
# Visual Studio Version 16
VisualStudioVersion = 16.0.31911.196
MinimumVisualStudioVersion = 10.0.40219.1
Project("{FAE04EC0-301F-11D3-BF4B-00C04F79EFBC}") = "Data-Basic", "Data-Basic.csproj", "{384FF40D-CDA1-4B65-B94E-FF942CF2C2B1}"
EndProject
Global
	GlobalSection(SolutionConfigurationPlatforms) = preSolution
		Debug|Any CPU = Debug|Any CPU
		Release|Any CPU = Release|Any CPU
	EndGlobalSection
	GlobalSection(ProjectConfigurationPlatforms) = postSolution
		{384FF40D-CDA1-4B65-B94E-FF942CF2C2B1}.Debug|Any CPU.ActiveCfg = Debug|Any CPU
		{384FF40D-CDA1-4B65-B94E-FF942CF2C2B1}.Debug|Any CPU.Build.0 = Debug|Any CPU
		{384FF40D-CDA1-4B65-B94E-FF942CF2C2B1}.Release|Any CPU.ActiveCfg = Release|Any CPU
		{384FF40D-CDA1-4B65-B94E-FF942CF2C2B1}.Release|Any CPU.Build.0 = Release|Any CPU
	EndGlobalSection
	GlobalSection(SolutionProperties) = preSolution
		HideSolutionNode = FALSE
	EndGlobalSection
	GlobalSection(ExtensibilityGlobals) = postSolution
		SolutionGuid = {6F5D48C3-DE6C-4F2E-A2A6-61346D9901B8}
	EndGlobalSection
EndGlobal
